<?xml version="1.0" encoding="utf-8"?>
<Project ToolsVersion="4.0" xmlns="http://schemas.microsoft.com/developer/msbuild/2003">
  <ItemGroup>
    <Filter Include="Apps">
      <UniqueIdentifier>{80a6bb7d-22c8-4bb7-a082-3eb7b1b9e7cc}</UniqueIdentifier>
    </Filter>
    <Filter Include="Assets">
      <UniqueIdentifier>{9b65988e-d4fa-4844-a4da-1d37bf96f02b}</UniqueIdentifier>
    </Filter>
    <Filter Include="Assets\Shaders">
      <UniqueIdentifier>{88e7720e-679c-4435-b4bf-f2edf54ecf8e}</UniqueIdentifier>
    </Filter>
    <Filter Include="Core">
      <UniqueIdentifier>{5b98be0c-be4c-4ccf-b88f-89bd23bb2a97}</UniqueIdentifier>
    </Filter>
    <Filter Include="External">
      <UniqueIdentifier>{30afd95f-1943-48eb-b2d2-bf7cbe952ade}</UniqueIdentifier>
    </Filter>
    <Filter Include="External\glad">
      <UniqueIdentifier>{29b2f01f-7624-4297-b3d6-a6f7f8a4e1b1}</UniqueIdentifier>
    </Filter>
    <Filter Include="Graphics">
      <UniqueIdentifier>{0d2bc458-6ff5-44ba-8626-9b25f959a69d}</UniqueIdentifier>
    </Filter>
    <Filter Include="Graphics\OpenGL">
      <UniqueIdentifier>{b33afbf0-2cb7-4721-9394-9d29f8c631e2}</UniqueIdentifier>
    </Filter>
    <Filter Include="Stages">
      <UniqueIdentifier>{d1459002-01cd-4797-8750-f65b9885ae94}</UniqueIdentifier>
    </Filter>
    <Filter Include="Utils">
      <UniqueIdentifier>{89f939c0-ac1e-4914-8304-abecc104f92c}</UniqueIdentifier>
    </Filter>
  </ItemGroup>
  <ItemGroup>
    <ClCompile Include="..\..\..\..\..\..\prog\glad\src\gl.c">
      <Filter>External\glad</Filter>
    </ClCompile>
    <ClCompile Include="Apps\OpenGLLearnApp.cpp"><Filter>Apps</Filter></ClCompile>
    <ClCompile Include="Apps\TemplateApp.cpp"><Filter>Apps</Filter></ClCompile>
    <ClCompile Include="Apps\TestRTRMApp.cpp"><Filter>Apps</Filter></ClCompile>
    <ClCompile Include="Core\Application.cpp"><Filter>Core</Filter></ClCompile>
    <ClCompile Include="Core\Camera.cpp"><Filter>Core</Filter></ClCompile>
    <ClCompile Include="Core\CHRONO.cpp"><Filter>Core</Filter></ClCompile>
    <ClCompile Include="Core\FPSLimiter.cpp"><Filter>Core</Filter></ClCompile>
    <ClCompile Include="Core\Input.cpp"><Filter>Core</Filter></ClCompile>
    <ClCompile Include="Graphics\OpenGL\GLCompute.cpp"><Filter>Graphics\OpenGL</Filter></ClCompile>
    <ClCompile Include="Graphics\OpenGL\GLContext.cpp"><Filter>Graphics\OpenGL</Filter></ClCompile>
    <ClCompile Include="Graphics\OpenGL\GLFrameBuffer.cpp"><Filter>Graphics\OpenGL</Filter></ClCompile>
    <ClCompile Include="Graphics\OpenGL\GLMesh.cpp"><Filter>Graphics\OpenGL</Filter></ClCompile>
    <ClCompile Include="Graphics\OpenGL\GLRenderTarget.cpp"><Filter>Graphics\OpenGL</Filter></ClCompile>
    <ClCompile Include="Graphics\OpenGL\GLShader.cpp"><Filter>Graphics\OpenGL</Filter></ClCompile>
    <ClCompile Include="Graphics\OpenGL\GLShaderStorageBuffer.cpp"><Filter>Graphics\OpenGL</Filter></ClCompile>
    <ClCompile Include="Graphics\OpenGL\GLTexture2D.cpp"><Filter>Graphics\OpenGL</Filter></ClCompile>
    <ClCompile Include="Graphics\OpenGL\GLUniformBuffer.cpp"><Filter>Graphics\OpenGL</Filter></ClCompile>
    <ClCompile Include="Graphics\PostProcessChain.cpp"><Filter>Graphics</Filter></ClCompile>
    <ClCompile Include="Graphics\PostProcessPass.cpp"><Filter>Graphics</Filter></ClCompile>
    <ClCompile Include="Graphics\ProcMeshGenerator.cpp"><Filter>Graphics</Filter></ClCompile>
    <ClCompile Include="Stages\BlackHoleStage.cpp"><Filter>Stages</Filter></ClCompile>
    <ClCompile Include="Stages\EarthStage.cpp"><Filter>Stages</Filter></ClCompile>
    <ClCompile Include="Stages\Stage.cpp"><Filter>Stages</Filter></ClCompile>
    <ClCompile Include="Stages\StageManager.cpp"><Filter>Stages</Filter></ClCompile>
    <ClCompile Include="Stages\TmpStage.cpp"><Filter>Stages</Filter></ClCompile>
    <ClCompile Include="Utils\LoadBinaryFile.cpp"><Filter>Utils</Filter></ClCompile>
    <ClCompile Include="Utils\LoadStringFile.cpp"><Filter>Utils</Filter></ClCompile>
    <ClCompile Include="Utils\path.cpp"><Filter>Utils</Filter></ClCompile>
    <ClCompile Include="pch.cpp"><Filter>Core</Filter></ClCompile>
    <ClCompile Include="main.cpp" />
  </ItemGroup>
  <ItemGroup>
    <ClInclude Include="Apps\OpenGLLearnApp.h"><Filter>Apps</Filter></ClInclude>
    <ClInclude Include="Apps\TemplateApp.h"><Filter>Apps</Filter></ClInclude>
    <ClInclude Include="Apps\TestRTRMApp.h"><Filter>Apps</Filter></ClInclude>
    <ClInclude Include="Core\Application.h"><Filter>Core</Filter></ClInclude>
    <ClInclude Include="Core\Camera.h"><Filter>Core</Filter></ClInclude>
    <ClInclude Include="Core\CHRONO.h"><Filter>Core</Filter></ClInclude>
    <ClInclude Include="Core\FPSLimiter.h"><Filter>Core</Filter></ClInclude>
    <ClInclude Include="Core\Input.h"><Filter>Core</Filter></ClInclude>
    <ClInclude Include="Graphics\OpenGL\GLCompute.h"><Filter>Graphics\OpenGL</Filter></ClInclude>
    <ClInclude Include="Graphics\OpenGL\GLContext.h"><Filter>Graphics\OpenGL</Filter></ClInclude>
    <ClInclude Include="Graphics\OpenGL\GLFrameBuffer.h"><Filter>Graphics\OpenGL</Filter></ClInclude>
    <ClInclude Include="Graphics\OpenGL\GLMesh.h"><Filter>Graphics\OpenGL</Filter></ClInclude>
    <ClInclude Include="Graphics\OpenGL\GLMeshData.h"><Filter>Graphics\OpenGL</Filter></ClInclude>
    <ClInclude Include="Graphics\OpenGL\GLRenderTarget.h"><Filter>Graphics\OpenGL</Filter></ClInclude>
    <ClInclude Include="Graphics\OpenGL\GLShader.h"><Filter>Graphics\OpenGL</Filter></ClInclude>
    <ClInclude Include="Graphics\OpenGL\GLShaderStorageBuffer.h"><Filter>Graphics\OpenGL</Filter></ClInclude>
    <ClInclude Include="Graphics\OpenGL\GLTexture2D.h"><Filter>Graphics\OpenGL</Filter></ClInclude>
    <ClInclude Include="Graphics\OpenGL\GLUniformBuffer.h"><Filter>Graphics\OpenGL</Filter></ClInclude>
    <ClInclude Include="Graphics\PostProcessChain.h"><Filter>Graphics</Filter></ClInclude>
    <ClInclude Include="Graphics\PostProcessPass.h"><Filter>Graphics</Filter></ClInclude>
    <ClInclude Include="Graphics\ProcMeshGenerator.h"><Filter>Graphics</Filter></ClInclude>
    <ClInclude Include="Stages\BlackHoleStage.h"><Filter>Stages</Filter></ClInclude>
    <ClInclude Include="Stages\EarthStage.h"><Filter>Stages</Filter></ClInclude>
    <ClInclude Include="Stages\Stage.h"><Filter>Stages</Filter></ClInclude>
    <ClInclude Include="Stages\StageManager.h"><Filter>Stages</Filter></ClInclude>
    <ClInclude Include="Stages\TmpStage.h"><Filter>Stages</Filter></ClInclude>
    <ClInclude Include="Utils\LoadBinaryFile.h"><Filter>Utils</Filter></ClInclude>
    <ClInclude Include="Utils\LoadStringFile.h"><Filter>Utils</Filter></ClInclude>
    <ClInclude Include="Utils\path.h"><Filter>Utils</Filter></ClInclude>
    <ClInclude Include="pch.h"><Filter>Core</Filter></ClInclude>
  </ItemGroup>
  <ItemGroup>
    <None Include="assets\shaders\blackHoleRayMarch1FS.glsl"><Filter>Assets\Shaders</Filter></None>
    <None Include="assets\shaders\blurFS.glsl"><Filter>Assets\Shaders</Filter></None>
    <None Include="assets\shaders\createWorldCS.glsl"><Filter>Assets\Shaders</Filter></None>
    <None Include="assets\shaders\earthFS.glsl"><Filter>Assets\Shaders</Filter></None>
    <None Include="assets\shaders\fs.glsl"><Filter>Assets\Shaders</Filter></None>
    <None Include="assets\shaders\inverseFS.glsl"><Filter>Assets\Shaders</Filter></None>
    <None Include="assets\shaders\renderTexFS.glsl"><Filter>Assets\Shaders</Filter></None>
    <None Include="assets\shaders\screenVS.glsl"><Filter>Assets\Shaders</Filter></None>
    <None Include="assets\shaders\vs.glsl"><Filter>Assets\Shaders</Filter></None>
  </ItemGroup>
</Project>
