<Solution>
  <Configurations>
    <Platform Name="x64" />
    <Platform Name="x86" />
  </Configurations>
  <Folder Name="/ソリューション項目/">
    <File Path="OpenGLTmp/assets/shaders/fs.glsl" />
    <File Path="OpenGLTmp/assets/shaders/vs.glsl" />
  </Folder>
  <Project Path="OpenGLTmp/OpenGLTmp.vcxproj" Id="82b0734a-4cbb-419e-9456-91d750d36950" />
</Solution>
